<?xml version="1.0" encoding="UTF-8" standalone="yes" ?>
<CodeBlocks_project_file>
	<FileVersion major="1" minor="6" />
	<Project>
		<Option title="proj_aniso_ld_single" />
		<Option pch_mode="2" />
		<Option compiler="gnu_fortran_compiler_64" />
		<Build>
			<Target title="proj_aniso_ld_single">
				<Option output="proj_aniso/bin/proj_aniso_ld_single/proj_aniso_ld_single" prefix_auto="1" extension_auto="1" />
				<Option working_dir="proj_aniso/Sid_ld" />
				<Option object_output="proj_aniso/obj/proj_aniso_ld_single/" />
				<Option type="1" />
				<Option compiler="gnu_fortran_compiler_64" />
				<Compiler>
					<Add option="-g" />
				</Compiler>
				<Linker>
					<Add library="../lib/odepack/libodepack.a" />
				</Linker>
			</Target>
		</Build>
		<Unit filename="../lib/odepack/install.sh" />
		<Unit filename="../lib/odepack/odepdr.f90">
			<Option weight="1" />
			<Option target="proj_aniso_D12_rca_single" />
			<Option target="proj_aniso_D12_rca_rho" />
			<Option target="proj_aniso_D12_rca_lam" />
			<Option target="proj_aniso_F88_rca_single" />
			<Option target="proj_aniso_ld_single" />
			<Option target="proj_aniso_ld_list" />
			<Option target="proj_aniso_ld_D73" />
		</Unit>
		<Unit filename="../src/eos/eos.f90">
			<Option weight="1" />
			<Option target="proj_f_Love" />
			<Option target="proj_fluid_love" />
			<Option target="proj_hs_love" />
			<Option target="proj_css_hs_love" />
			<Option target="proj_css_hs_love_NMchange" />
			<Option target="proj_ns_models" />
			<Option target="proj_ns_models_Cai_scaling" />
			<Option target="proj_wd_cold_pars" />
			<Option target="proj_wd_osc" />
			<Option target="proj_test_all" />
			<Option target="proj_rad_puls" />
			<Option target="proj_aniso_D12_rca_single" />
			<Option target="proj_aniso_D12_rca_rho" />
			<Option target="proj_wd_cold_ILQ" />
			<Option target="sample_ns_MR_relations" />
			<Option target="sample_css_hs_love" />
			<Option target="sample_css_eos_gen" />
			<Option target="proj_aniso_ld_single" />
			<Option target="proj_aniso_D12_rca_lam" />
			<Option target="proj_aniso_F88_rca_single" />
			<Option target="proj_aniso_ld_tests" />
			<Option target="proj_aniso_ld_list" />
			<Option target="proj_aniso_ld_D73" />
		</Unit>
		<Unit filename="../src/global/dirUtil.f90">
			<Option weight="0" />
			<Option target="proj_f_Love" />
			<Option target="proj_fluid_love" />
			<Option target="proj_hs_love" />
			<Option target="proj_css_hs_love" />
			<Option target="proj_css_hs_love_NMchange" />
			<Option target="proj_ns_models" />
			<Option target="proj_ns_models_Cai_scaling" />
			<Option target="proj_wd_cold_pars" />
			<Option target="proj_wd_osc" />
			<Option target="proj_test_all" />
			<Option target="proj_rad_puls" />
			<Option target="proj_aniso_D12_rca_single" />
			<Option target="proj_aniso_D12_rca_rho" />
			<Option target="proj_wd_cold_ILQ" />
			<Option target="sample_ns_MR_relations" />
			<Option target="proj_ic_ILQ_newt" />
			<Option target="sample_css_hs_love" />
			<Option target="sample_css_eos_gen" />
			<Option target="proj_aniso_ld_single" />
			<Option target="proj_aniso_D12_rca_lam" />
			<Option target="proj_aniso_F88_rca_single" />
			<Option target="proj_aniso_ld_tests" />
			<Option target="proj_aniso_ld_list" />
			<Option target="proj_aniso_ld_D73" />
		</Unit>
		<Unit filename="../src/global/ioUtil.f90">
			<Option weight="0" />
			<Option target="proj_f_Love" />
			<Option target="proj_fluid_love" />
			<Option target="proj_hs_love" />
			<Option target="proj_css_hs_love" />
			<Option target="proj_css_hs_love_NMchange" />
			<Option target="proj_ns_models" />
			<Option target="proj_ns_models_Cai_scaling" />
			<Option target="proj_wd_cold_pars" />
			<Option target="proj_wd_osc" />
			<Option target="proj_test_all" />
			<Option target="proj_rad_puls" />
			<Option target="proj_aniso_D12_rca_single" />
			<Option target="proj_aniso_D12_rca_rho" />
			<Option target="proj_wd_cold_ILQ" />
			<Option target="sample_ns_MR_relations" />
			<Option target="proj_ic_ILQ_newt" />
			<Option target="sample_css_hs_love" />
			<Option target="sample_css_eos_gen" />
			<Option target="proj_aniso_ld_single" />
			<Option target="proj_aniso_D12_rca_lam" />
			<Option target="proj_aniso_F88_rca_single" />
			<Option target="proj_aniso_ld_tests" />
			<Option target="proj_aniso_ld_list" />
			<Option target="proj_aniso_ld_D73" />
		</Unit>
		<Unit filename="../src/global/timer.f90">
			<Option weight="0" />
			<Option target="proj_f_Love" />
			<Option target="proj_fluid_love" />
			<Option target="proj_hs_love" />
			<Option target="proj_css_hs_love" />
			<Option target="proj_css_hs_love_NMchange" />
			<Option target="proj_ns_models" />
			<Option target="proj_ns_models_Cai_scaling" />
			<Option target="proj_wd_cold_pars" />
			<Option target="proj_wd_osc" />
			<Option target="proj_test_all" />
			<Option target="proj_rad_puls" />
			<Option target="proj_aniso_D12_rca_single" />
			<Option target="proj_aniso_D12_rca_rho" />
			<Option target="proj_wd_cold_ILQ" />
			<Option target="sample_ns_MR_relations" />
			<Option target="proj_ic_ILQ_newt" />
			<Option target="sample_css_hs_love" />
			<Option target="proj_aniso_ld_single" />
			<Option target="proj_aniso_D12_rca_lam" />
			<Option target="proj_aniso_F88_rca_single" />
			<Option target="proj_aniso_ld_tests" />
			<Option target="proj_aniso_ld_list" />
			<Option target="proj_aniso_ld_D73" />
		</Unit>
		<Unit filename="../src/global/type.f90">
			<Option weight="0" />
			<Option target="proj_f_Love" />
			<Option target="proj_fluid_love" />
			<Option target="proj_hs_love" />
			<Option target="proj_css_hs_love" />
			<Option target="proj_css_hs_love_NMchange" />
			<Option target="proj_ns_models" />
			<Option target="proj_ns_models_Cai_scaling" />
			<Option target="sample_css_eos_gen" />
			<Option target="sample_css_hs_love" />
			<Option target="sample_ns_MR_relations" />
			<Option target="proj_wd_cold_pars" />
			<Option target="proj_wd_cold_ILQ" />
			<Option target="proj_wd_osc" />
			<Option target="proj_ic_ILQ_newt" />
			<Option target="proj_rad_puls" />
			<Option target="proj_aniso_D12_EOS" />
			<Option target="proj_aniso_D12_rca_single" />
			<Option target="proj_aniso_D12_rca_rho" />
			<Option target="proj_aniso_D12_rca_lam" />
			<Option target="proj_aniso_F88_rca_single" />
			<Option target="proj_aniso_ld_single" />
			<Option target="proj_aniso_ld_list" />
			<Option target="proj_aniso_ld_tests" />
			<Option target="proj_test_all" />
			<Option target="proj_aniso_ld_D73" />
		</Unit>
		<Unit filename="../src/gr_perturb/anisotropy/full_gr/eigen_ld_aniso.f90">
			<Option weight="5" />
			<Option target="proj_aniso_ld_single" />
			<Option target="proj_aniso_ld_list" />
			<Option target="proj_aniso_ld_D73" />
		</Unit>
		<Unit filename="../src/gr_perturb/anisotropy/full_gr/ld_eq_aniso.f90">
			<Option weight="1" />
			<Option target="proj_aniso_ld_single" />
			<Option target="proj_aniso_ld_tests" />
			<Option target="proj_aniso_ld_list" />
			<Option target="proj_aniso_ld_D73" />
		</Unit>
		<Unit filename="../src/gr_perturb/anisotropy/full_gr/puls_ld_aniso.f90">
			<Option weight="4" />
			<Option target="proj_aniso_ld_single" />
			<Option target="proj_aniso_ld_list" />
			<Option target="proj_aniso_ld_D73" />
		</Unit>
		<Unit filename="../src/gr_perturb/full_gr/leaver.f90">
			<Option weight="2" />
			<Option target="proj_aniso_ld_single" />
			<Option target="proj_aniso_ld_list" />
			<Option target="proj_aniso_ld_D73" />
		</Unit>
		<Unit filename="../src/gr_perturb/full_gr/zerilli.f90">
			<Option weight="1" />
			<Option target="proj_f_Love" />
			<Option target="proj_wd_osc" />
			<Option target="proj_aniso_ld_single" />
			<Option target="proj_test_all" />
			<Option target="proj_aniso_ld_list" />
			<Option target="proj_aniso_ld_D73" />
		</Unit>
		<Unit filename="../src/math/contfrac.f90">
			<Option weight="1" />
			<Option target="proj_aniso_ld_single" />
			<Option target="proj_aniso_ld_list" />
			<Option target="proj_aniso_ld_D73" />
		</Unit>
		<Unit filename="../src/math/linsys.f90">
			<Option weight="0" />
			<Option target="proj_f_Love" />
			<Option target="proj_hs_love" />
			<Option target="proj_wd_osc" />
			<Option target="proj_css_hs_love" />
			<Option target="proj_css_hs_love_NMchange" />
			<Option target="proj_test_all" />
			<Option target="sample_css_hs_love" />
			<Option target="proj_aniso_ld_single" />
			<Option target="proj_aniso_ld_list" />
			<Option target="proj_aniso_ld_D73" />
		</Unit>
		<Unit filename="../src/math/muller.f90">
			<Option weight="0" />
			<Option target="proj_f_Love" />
			<Option target="proj_wd_cold_pars" />
			<Option target="proj_wd_osc" />
			<Option target="proj_test_all" />
			<Option target="proj_wd_cold_ILQ" />
			<Option target="proj_aniso_ld_single" />
			<Option target="proj_aniso_ld_list" />
			<Option target="proj_aniso_ld_D73" />
		</Unit>
		<Unit filename="../src/math/ode_solver.f90">
			<Option weight="0" />
			<Option target="proj_f_Love" />
			<Option target="proj_fluid_love" />
			<Option target="proj_hs_love" />
			<Option target="proj_wd_cold_pars" />
			<Option target="proj_wd_osc" />
			<Option target="proj_rad_puls" />
			<Option target="proj_css_hs_love" />
			<Option target="proj_css_hs_love_NMchange" />
			<Option target="proj_test_all" />
			<Option target="proj_aniso_D12_rca_single" />
			<Option target="proj_aniso_D12_rca_rho" />
			<Option target="proj_wd_cold_ILQ" />
			<Option target="proj_ic_ILQ_newt" />
			<Option target="sample_css_hs_love" />
			<Option target="proj_aniso_ld_single" />
			<Option target="proj_aniso_D12_rca_lam" />
			<Option target="proj_aniso_F88_rca_single" />
			<Option target="proj_aniso_ld_list" />
			<Option target="sample_ns_MR_relations" />
			<Option target="proj_aniso_ld_D73" />
		</Unit>
		<Unit filename="../src/nr/golden.f90">
			<Option weight="1" />
			<Option target="proj_f_Love" />
			<Option target="proj_wd_cold_pars" />
			<Option target="proj_wd_osc" />
			<Option target="proj_test_all" />
			<Option target="proj_wd_cold_ILQ" />
			<Option target="proj_aniso_ld_single" />
			<Option target="proj_aniso_ld_list" />
			<Option target="proj_aniso_ld_D73" />
		</Unit>
		<Unit filename="../src/nr/mnbrak.f90">
			<Option weight="2" />
			<Option target="proj_f_Love" />
			<Option target="proj_wd_cold_pars" />
			<Option target="proj_wd_osc" />
			<Option target="proj_test_all" />
			<Option target="proj_wd_cold_ILQ" />
			<Option target="proj_aniso_ld_single" />
			<Option target="proj_aniso_ld_list" />
			<Option target="proj_aniso_ld_D73" />
		</Unit>
		<Unit filename="../src/nr/nr.f90">
			<Option weight="2" />
			<Option target="proj_f_Love" />
			<Option target="proj_fluid_love" />
			<Option target="proj_hs_love" />
			<Option target="proj_css_hs_love" />
			<Option target="proj_css_hs_love_NMchange" />
			<Option target="proj_ns_models" />
			<Option target="proj_ns_models_Cai_scaling" />
			<Option target="proj_wd_cold_pars" />
			<Option target="proj_wd_osc" />
			<Option target="proj_test_all" />
			<Option target="proj_rad_puls" />
			<Option target="proj_aniso_D12_rca_single" />
			<Option target="proj_aniso_D12_rca_rho" />
			<Option target="proj_wd_cold_ILQ" />
			<Option target="sample_ns_MR_relations" />
			<Option target="proj_ic_ILQ_newt" />
			<Option target="sample_css_hs_love" />
			<Option target="proj_aniso_ld_single" />
			<Option target="proj_aniso_D12_rca_lam" />
			<Option target="proj_aniso_F88_rca_single" />
			<Option target="proj_aniso_ld_tests" />
			<Option target="proj_aniso_ld_list" />
			<Option target="proj_aniso_ld_D73" />
		</Unit>
		<Unit filename="../src/nr/nrtype.f90">
			<Option weight="0" />
			<Option target="proj_f_Love" />
			<Option target="proj_fluid_love" />
			<Option target="proj_hs_love" />
			<Option target="proj_css_hs_love" />
			<Option target="proj_css_hs_love_NMchange" />
			<Option target="proj_ns_models" />
			<Option target="proj_ns_models_Cai_scaling" />
			<Option target="proj_wd_cold_pars" />
			<Option target="proj_wd_osc" />
			<Option target="proj_test_all" />
			<Option target="proj_rad_puls" />
			<Option target="proj_aniso_D12_rca_single" />
			<Option target="proj_aniso_D12_rca_rho" />
			<Option target="proj_wd_cold_ILQ" />
			<Option target="sample_ns_MR_relations" />
			<Option target="proj_ic_ILQ_newt" />
			<Option target="sample_css_hs_love" />
			<Option target="proj_aniso_ld_single" />
			<Option target="proj_aniso_D12_rca_lam" />
			<Option target="proj_aniso_F88_rca_single" />
			<Option target="proj_aniso_ld_tests" />
			<Option target="proj_aniso_ld_list" />
			<Option target="proj_aniso_ld_D73" />
		</Unit>
		<Unit filename="../src/nr/nrutil.f90">
			<Option weight="1" />
			<Option target="proj_f_Love" />
			<Option target="proj_fluid_love" />
			<Option target="proj_hs_love" />
			<Option target="proj_css_hs_love" />
			<Option target="proj_css_hs_love_NMchange" />
			<Option target="proj_ns_models" />
			<Option target="proj_ns_models_Cai_scaling" />
			<Option target="proj_wd_cold_pars" />
			<Option target="proj_wd_osc" />
			<Option target="proj_test_all" />
			<Option target="proj_rad_puls" />
			<Option target="proj_aniso_D12_rca_single" />
			<Option target="proj_aniso_D12_rca_rho" />
			<Option target="proj_wd_cold_ILQ" />
			<Option target="sample_ns_MR_relations" />
			<Option target="proj_ic_ILQ_newt" />
			<Option target="sample_css_hs_love" />
			<Option target="proj_aniso_ld_single" />
			<Option target="proj_aniso_D12_rca_lam" />
			<Option target="proj_aniso_F88_rca_single" />
			<Option target="proj_aniso_ld_tests" />
			<Option target="proj_aniso_ld_list" />
			<Option target="proj_aniso_ld_D73" />
		</Unit>
		<Unit filename="../src/nr/polint.f90">
			<Option weight="2" />
			<Option target="proj_f_Love" />
			<Option target="proj_fluid_love" />
			<Option target="proj_hs_love" />
			<Option target="proj_css_hs_love" />
			<Option target="proj_css_hs_love_NMchange" />
			<Option target="proj_ns_models" />
			<Option target="proj_ns_models_Cai_scaling" />
			<Option target="proj_wd_cold_pars" />
			<Option target="proj_wd_osc" />
			<Option target="proj_test_all" />
			<Option target="proj_rad_puls" />
			<Option target="proj_aniso_D12_rca_single" />
			<Option target="proj_aniso_D12_rca_rho" />
			<Option target="proj_wd_cold_ILQ" />
			<Option target="sample_ns_MR_relations" />
			<Option target="proj_ic_ILQ_newt" />
			<Option target="sample_css_hs_love" />
			<Option target="proj_aniso_ld_single" />
			<Option target="proj_aniso_D12_rca_lam" />
			<Option target="proj_aniso_F88_rca_single" />
			<Option target="proj_aniso_ld_tests" />
			<Option target="proj_aniso_ld_list" />
			<Option target="proj_aniso_ld_D73" />
		</Unit>
		<Unit filename="../src/nr/rtbis.f90">
			<Option weight="2" />
			<Option target="proj_f_Love" />
			<Option target="proj_wd_cold_pars" />
			<Option target="proj_wd_osc" />
			<Option target="proj_test_all" />
			<Option target="proj_wd_cold_ILQ" />
			<Option target="proj_ic_ILQ_newt" />
			<Option target="proj_aniso_ld_single" />
			<Option target="proj_aniso_ld_tests" />
			<Option target="proj_aniso_ld_list" />
			<Option target="proj_aniso_ld_D73" />
		</Unit>
		<Unit filename="../src/nr/rtsec.f90">
			<Option weight="2" />
			<Option target="proj_f_Love" />
			<Option target="proj_fluid_love" />
			<Option target="proj_hs_love" />
			<Option target="proj_css_hs_love" />
			<Option target="proj_css_hs_love_NMchange" />
			<Option target="proj_ns_models" />
			<Option target="proj_ns_models_Cai_scaling" />
			<Option target="proj_wd_cold_pars" />
			<Option target="proj_wd_osc" />
			<Option target="proj_test_all" />
			<Option target="proj_rad_puls" />
			<Option target="proj_aniso_D12_rca_single" />
			<Option target="proj_aniso_D12_rca_rho" />
			<Option target="proj_wd_cold_ILQ" />
			<Option target="sample_ns_MR_relations" />
			<Option target="sample_css_hs_love" />
			<Option target="proj_aniso_ld_single" />
			<Option target="proj_aniso_D12_rca_lam" />
			<Option target="proj_aniso_F88_rca_single" />
			<Option target="proj_aniso_ld_tests" />
			<Option target="proj_aniso_ld_list" />
			<Option target="proj_aniso_ld_D73" />
		</Unit>
		<Unit filename="../src/nr/sort.f90">
			<Option weight="2" />
			<Option target="proj_wd_cold_pars" />
			<Option target="proj_wd_osc" />
			<Option target="proj_f_Love" />
			<Option target="proj_test_all" />
			<Option target="proj_wd_cold_ILQ" />
			<Option target="proj_aniso_ld_single" />
			<Option target="proj_aniso_ld_list" />
			<Option target="proj_aniso_ld_D73" />
		</Unit>
		<Unit filename="../src/nr/usr_def/sort_nr.f90">
			<Option weight="1" />
			<Option target="proj_aniso_ld_single" />
			<Option target="proj_aniso_ld_list" />
			<Option target="proj_aniso_ld_D73" />
		</Unit>
		<Unit filename="../src/stat_prof/aniso_BL.f90">
			<Option weight="2" />
			<Option target="proj_aniso_ld_single" />
			<Option target="proj_aniso_ld_list" />
			<Option target="proj_aniso_ld_D73" />
		</Unit>
		<Unit filename="../src/stat_prof/aniso_QL.f90">
			<Option weight="2" />
			<Option target="proj_aniso_D12_rca_single" />
			<Option target="proj_aniso_D12_rca_rho" />
			<Option target="proj_aniso_ld_single" />
			<Option target="proj_aniso_D12_rca_lam" />
			<Option target="proj_aniso_F88_rca_single" />
			<Option target="proj_aniso_ld_tests" />
			<Option target="proj_aniso_ld_list" />
			<Option target="proj_aniso_ld_D73" />
		</Unit>
		<Unit filename="../src/stat_prof/aniso_QL2.f90">
			<Option weight="2" />
			<Option target="proj_aniso_D12_rca_single" />
			<Option target="proj_aniso_ld_single" />
			<Option target="proj_aniso_F88_rca_single" />
			<Option target="proj_aniso_ld_tests" />
			<Option target="proj_aniso_D12_rca_lam" />
			<Option target="proj_aniso_D12_rca_rho" />
			<Option target="proj_aniso_ld_list" />
			<Option target="proj_aniso_ld_D73" />
		</Unit>
		<Unit filename="../src/stat_prof/aniso_type.f90">
			<Option weight="1" />
			<Option target="proj_aniso_D12_rca_single" />
			<Option target="proj_aniso_D12_rca_rho" />
			<Option target="proj_aniso_ld_single" />
			<Option target="proj_aniso_D12_rca_lam" />
			<Option target="proj_aniso_F88_rca_single" />
			<Option target="proj_aniso_ld_tests" />
			<Option target="proj_aniso_ld_list" />
			<Option target="proj_aniso_ld_D73" />
		</Unit>
		<Unit filename="../src/stat_prof/bg.f90">
			<Option weight="3" />
			<Option target="proj_f_Love" />
			<Option target="proj_fluid_love" />
			<Option target="proj_hs_love" />
			<Option target="proj_wd_cold_pars" />
			<Option target="proj_wd_osc" />
			<Option target="proj_rad_puls" />
			<Option target="proj_css_hs_love" />
			<Option target="proj_css_hs_love_NMchange" />
			<Option target="proj_test_all" />
			<Option target="proj_aniso_D12_rca_single" />
			<Option target="proj_aniso_D12_rca_rho" />
			<Option target="proj_wd_cold_ILQ" />
			<Option target="proj_ic_ILQ_newt" />
			<Option target="sample_css_hs_love" />
			<Option target="proj_aniso_ld_single" />
			<Option target="proj_aniso_D12_rca_lam" />
			<Option target="proj_aniso_F88_rca_single" />
			<Option target="proj_aniso_ld_tests" />
			<Option target="proj_aniso_ld_list" />
			<Option target="proj_aniso_ld_D73" />
		</Unit>
		<Unit filename="../src/stat_prof/tov_aniso_pt.f90">
			<Option weight="3" />
			<Option target="proj_aniso_D12_rca_single" />
			<Option target="proj_aniso_D12_rca_rho" />
			<Option target="proj_aniso_ld_single" />
			<Option target="proj_aniso_D12_rca_lam" />
			<Option target="proj_aniso_F88_rca_single" />
			<Option target="proj_aniso_ld_tests" />
			<Option target="proj_aniso_ld_list" />
			<Option target="proj_aniso_ld_D73" />
		</Unit>
		<Unit filename="../src/stat_prof/tov_pt.f90">
			<Option weight="3" />
			<Option target="proj_f_Love" />
			<Option target="proj_fluid_love" />
			<Option target="proj_hs_love" />
			<Option target="proj_css_hs_love" />
			<Option target="proj_css_hs_love_NMchange" />
			<Option target="proj_ns_models" />
			<Option target="proj_ns_models_Cai_scaling" />
			<Option target="proj_wd_cold_pars" />
			<Option target="proj_wd_osc" />
			<Option target="proj_test_all" />
			<Option target="proj_rad_puls" />
			<Option target="proj_wd_cold_ILQ" />
			<Option target="sample_ns_MR_relations" />
			<Option target="sample_css_hs_love" />
			<Option target="proj_aniso_ld_single" />
			<Option target="proj_aniso_ld_tests" />
			<Option target="proj_aniso_ld_list" />
			<Option target="proj_aniso_ld_D73" />
		</Unit>
		<Unit filename="proj_aniso/Sid_ld/inlist_ld_single.nml">
			<Option weight="0" />
			<Option target="proj_aniso_ld_single" />
			<Option target="proj_aniso_ld_D73" />
		</Unit>
		<Unit filename="proj_aniso/Sid_ld/main_single.f90">
			<Option weight="6" />
		</Unit>
		<Extensions>
			<lib_finder disable_auto="1" />
		</Extensions>
	</Project>
</CodeBlocks_project_file>
